{
  "name": "mucklet-script",
  "version": "1.63.0",
  "lockfileVersion": 3,
  "requires": true,
  "packages": {
    "": {
      "name": "mucklet-script",
      "version": "1.63.0",
      "license": "Apache-2.0",
      "dependencies": {
        "assemblyscript": "^0.27.31",
        "isomorphic-ws": "^5.0.0",
        "json-as": "^0.9.26",
        "resclient": "^2.5.0",
        "tinyargs": "^0.1.4",
        "visitor-as": "^0.11.4"
      },
      "bin": {
        "mucklet-script": "bin/index.js"
      }
    },
    "node_modules/as-virtual": {
      "version": "0.2.0",
      "resolved": "https://registry.npmjs.org/as-virtual/-/as-virtual-0.2.0.tgz",
      "integrity": "sha512-zI+8VwD6BPUtXrxs4R7v2N+59OAIBRwiiv9nGIMwcQ/w/lspyaualMqM7yok3jMRglKqLkfOx+dCJimeflEJcA=="
    },
    "node_modules/assemblyscript": {
      "version": "0.27.31",
      "resolved": "https://registry.npmjs.org/assemblyscript/-/assemblyscript-0.27.31.tgz",
      "integrity": "sha512-Ra8kiGhgJQGZcBxjtMcyVRxOEJZX64kd+XGpjWzjcjgxWJVv+CAQO0aDBk4GQVhjYbOkATarC83mHjAVGtwPBQ==",
      "dependencies": {
        "binaryen": "116.0.0-nightly.20240114",
        "long": "^5.2.1"
      },
      "bin": {
        "asc": "bin/asc.js",
        "asinit": "bin/asinit.js"
      },
      "engines": {
        "node": ">=16",
        "npm": ">=7"
      },
      "funding": {
        "type": "opencollective",
        "url": "https://opencollective.com/assemblyscript"
      }
    },
    "node_modules/binaryen": {
      "version": "116.0.0-nightly.20240114",
      "resolved": "https://registry.npmjs.org/binaryen/-/binaryen-116.0.0-nightly.20240114.tgz",
      "integrity": "sha512-0GZrojJnuhoe+hiwji7QFaL3tBlJoA+KFUN7ouYSDGZLSo9CKM8swQX8n/UcbR0d1VuZKU+nhogNzv423JEu5A==",
      "bin": {
        "wasm-opt": "bin/wasm-opt",
        "wasm2js": "bin/wasm2js"
      }
    },
    "node_modules/isomorphic-ws": {
      "version": "5.0.0",
      "resolved": "https://registry.npmjs.org/isomorphic-ws/-/isomorphic-ws-5.0.0.tgz",
      "integrity": "sha512-muId7Zzn9ywDsyXgTIafTry2sV3nySZeUDe6YedVd1Hvuuep5AsIlqK+XefWpYTyJG5e503F2xIuT2lcU6rCSw==",
      "peerDependencies": {
        "ws": "*"
      }
    },
    "node_modules/json-as": {
      "version": "0.9.26",
      "resolved": "https://registry.npmjs.org/json-as/-/json-as-0.9.26.tgz",
      "integrity": "sha512-0Feb3TtQ1fXTdQWmG699P+46DxoAU/GaRII2/5iiwUo+ufD6hEiBYewxDp4kM3d2nyLwCga8zJOELC7ZA00BLQ==",
      "dependencies": {
        "as-virtual": "^0.2.0"
      }
    },
    "node_modules/lodash.clonedeep": {
      "version": "4.5.0",
      "resolved": "https://registry.npmjs.org/lodash.clonedeep/-/lodash.clonedeep-4.5.0.tgz",
      "integrity": "sha512-H5ZhCF25riFd9uB5UCkVKo61m3S/xZk1x4wA6yp/L3RFP6Z/eHH1ymQcGLo7J3GMPfm0V/7m1tryHuGVxpqEBQ=="
    },
    "node_modules/long": {
      "version": "5.2.3",
      "resolved": "https://registry.npmjs.org/long/-/long-5.2.3.tgz",
      "integrity": "sha512-lcHwpNoggQTObv5apGNCTdJrO69eHOZMi4BNC+rTLER8iHAqGrUVeLh/irVIM7zTw2bOXA8T6uNPeujwOLg/2Q=="
    },
    "node_modules/modapp-eventbus": {
      "version": "1.8.2",
      "resolved": "https://registry.npmjs.org/modapp-eventbus/-/modapp-eventbus-1.8.2.tgz",
      "integrity": "sha512-fl81pja5UYRrlirqJnFRSx1DGB9Q6C16z1izjMTpvg7TpTBHtRDGnOb8k8FSmUWpZNgC9My7CgaIJ8X6ItCShg=="
    },
    "node_modules/modapp-utils": {
      "version": "1.8.0",
      "resolved": "https://registry.npmjs.org/modapp-utils/-/modapp-utils-1.8.0.tgz",
      "integrity": "sha512-tD8PjO6G/G4OUzIgae/gZ4bSVdwkIz7gnYmo/6IMbjWSnmvfsU28RNh0oG3y+2Op6pk3FC3n69h5dVV7L3hAaA=="
    },
    "node_modules/resclient": {
      "version": "2.5.0",
      "resolved": "https://registry.npmjs.org/resclient/-/resclient-2.5.0.tgz",
      "integrity": "sha512-vG2DMDtVxCfesGNXN41r5+TUpGEKRc2NyE1QHHis9wJP5a0Ci29YSSfIBvD4tPEJeEM9vP0Kn7A4xcrs1KIAFw==",
      "dependencies": {
        "modapp-eventbus": "^1.8.2",
        "modapp-utils": "^1.8.0"
      }
    },
    "node_modules/tinyargs": {
      "version": "0.1.4",
      "resolved": "https://registry.npmjs.org/tinyargs/-/tinyargs-0.1.4.tgz",
      "integrity": "sha512-5OpdhMRRE70j0zT7mrBpx12FJI+y0EGx8zMe8Vl2/aiwGgpW3X70OVHlsHmHeeG0ncnnWdq1o+k/S5d9ONgzGA==",
      "engines": {
        "node": ">=14"
      }
    },
    "node_modules/ts-mixer": {
      "version": "6.0.4",
      "resolved": "https://registry.npmjs.org/ts-mixer/-/ts-mixer-6.0.4.tgz",
      "integrity": "sha512-ufKpbmrugz5Aou4wcr5Wc1UUFWOLhq+Fm6qa6P0w0K5Qw2yhaUoiWszhCVuNQyNwrlGiscHOmqYoAox1PtvgjA=="
    },
    "node_modules/visitor-as": {
      "version": "0.11.4",
      "resolved": "https://registry.npmjs.org/visitor-as/-/visitor-as-0.11.4.tgz",
      "integrity": "sha512-uih7AooY2V3LhzobjLqyEQzhYYBGeq0y/rZk295foM1Ko498f24NNXBDyM1SgzcLMFCAT/fpmSRco1BpTIdKNQ==",
      "dependencies": {
        "lodash.clonedeep": "^4.5.0",
        "ts-mixer": "^6.0.2"
      },
      "peerDependencies": {
        "assemblyscript": "^0.25.0"
      }
    },
    "node_modules/ws": {
      "version": "8.18.0",
      "resolved": "https://registry.npmjs.org/ws/-/ws-8.18.0.tgz",
      "integrity": "sha512-8VbfWfHLbbwu3+N6OKsOMpBdT4kXPDDB9cJk2bJ6mh9ucxdlnNvH1e+roYkKmN9Nxw2yjz7VzeO9oOz2zJ04Pw==",
      "peer": true,
      "engines": {
        "node": ">=10.0.0"
      },
      "peerDependencies": {
        "bufferutil": "^4.0.1",
        "utf-8-validate": ">=5.0.2"
      },
      "peerDependenciesMeta": {
        "bufferutil": {
          "optional": true
        },
        "utf-8-validate": {
          "optional": true
        }
      }
    }
  }
}
